
Microsoft Visual Studio Solution File, Format Version 12.00
# Visual Studio Version 16
VisualStudioVersion = 16.0.32228.343
MinimumVisualStudioVersion = 10.0.40219.1
Project("{FAE04EC0-301F-11D3-BF4B-00C04F79EFBC}") = "Poklad", "Poklad.csproj", "{E8F2B48B-6116-4542-9AB5-038A4515629F}"
EndProject
Global
	GlobalSection(SolutionConfigurationPlatforms) = preSolution
		Debug|Any CPU = Debug|Any CPU
		Release|Any CPU = Release|Any CPU
	EndGlobalSection
	GlobalSection(ProjectConfigurationPlatforms) = postSolution
		{E8F2B48B-6116-4542-9AB5-038A4515629F}.Debug|Any CPU.ActiveCfg = Debug|Any CPU
		{E8F2B48B-6116-4542-9AB5-038A4515629F}.Debug|Any CPU.Build.0 = Debug|Any CPU
		{E8F2B48B-6116-4542-9AB5-038A4515629F}.Release|Any CPU.ActiveCfg = Release|Any CPU
		{E8F2B48B-6116-4542-9AB5-038A4515629F}.Release|Any CPU.Build.0 = Release|Any CPU
	EndGlobalSection
	GlobalSection(SolutionProperties) = preSolution
		HideSolutionNode = FALSE
	EndGlobalSection
	GlobalSection(ExtensibilityGlobals) = postSolution
		SolutionGuid = {F0C74051-465B-4DFA-9E4B-888771FF2DC1}
	EndGlobalSection
EndGlobal
